
Microsoft Visual Studio Solution File, Format Version 12.00
# Visual Studio Version 16
VisualStudioVersion = 16.0.31410.357
MinimumVisualStudioVersion = 10.0.40219.1
Project("{FAE04EC0-301F-11D3-BF4B-00C04F79EFBC}") = "Itog", "Itog\Itog.csproj", "{7E70C3BF-CF7F-4C5E-AE7D-86FF5B6A946F}"
EndProject
Global
	GlobalSection(SolutionConfigurationPlatforms) = preSolution
		Debug|Any CPU = Debug|Any CPU
		Release|Any CPU = Release|Any CPU
	EndGlobalSection
	GlobalSection(ProjectConfigurationPlatforms) = postSolution
		{7E70C3BF-CF7F-4C5E-AE7D-86FF5B6A946F}.Debug|Any CPU.ActiveCfg = Debug|Any CPU
		{7E70C3BF-CF7F-4C5E-AE7D-86FF5B6A946F}.Debug|Any CPU.Build.0 = Debug|Any CPU
		{7E70C3BF-CF7F-4C5E-AE7D-86FF5B6A946F}.Release|Any CPU.ActiveCfg = Release|Any CPU
		{7E70C3BF-CF7F-4C5E-AE7D-86FF5B6A946F}.Release|Any CPU.Build.0 = Release|Any CPU
	EndGlobalSection
	GlobalSection(SolutionProperties) = preSolution
		HideSolutionNode = FALSE
	EndGlobalSection
	GlobalSection(ExtensibilityGlobals) = postSolution
		SolutionGuid = {85FAB607-3568-4342-B550-8971496FDBDD}
	EndGlobalSection
EndGlobal
